
Microsoft Visual Studio Solution File, Format Version 12.00
# Visual Studio 15
VisualStudioVersion = 15.0.28307.271
MinimumVisualStudioVersion = 10.0.40219.1
Project("{FAE04EC0-301F-11D3-BF4B-00C04F79EFBC}") = "Cloud", "Cloud\Cloud.csproj", "{FDCDA0C2-30B7-4660-B159-A9D66C170797}"
EndProject
Project("{FAE04EC0-301F-11D3-BF4B-00C04F79EFBC}") = "QuizBit.BL", "QuizBit.BL\QuizBit.BL.csproj", "{7DC2BD78-C86E-4D7E-98D7-AE9BEC1D0F5A}"
EndProject
Project("{FAE04EC0-301F-11D3-BF4B-00C04F79EFBC}") = "QuizBit.DL", "QuizBit.DL\QuizBit.DL.csproj", "{EDB9D80E-A93C-4152-9C2B-E34A7F077B41}"
EndProject
Project("{FAE04EC0-301F-11D3-BF4B-00C04F79EFBC}") = "QuizBit.Contract", "QuizBit.Contract\QuizBit.Contract.csproj", "{01E0419D-9B54-419B-8D0A-A0B8AA30D987}"
EndProject
Project("{FAE04EC0-301F-11D3-BF4B-00C04F79EFBC}") = "QuizBit.Entity", "QuizBit.Entity\QuizBit.Entity.csproj", "{31AEF50A-9BA8-4440-8BF6-0B7E3A8CBCC5}"
EndProject
Global
	GlobalSection(SolutionConfigurationPlatforms) = preSolution
		Debug|Any CPU = Debug|Any CPU
		Release|Any CPU = Release|Any CPU
	EndGlobalSection
	GlobalSection(ProjectConfigurationPlatforms) = postSolution
		{FDCDA0C2-30B7-4660-B159-A9D66C170797}.Debug|Any CPU.ActiveCfg = Debug|Any CPU
		{FDCDA0C2-30B7-4660-B159-A9D66C170797}.Debug|Any CPU.Build.0 = Debug|Any CPU
		{FDCDA0C2-30B7-4660-B159-A9D66C170797}.Release|Any CPU.ActiveCfg = Release|Any CPU
		{FDCDA0C2-30B7-4660-B159-A9D66C170797}.Release|Any CPU.Build.0 = Release|Any CPU
		{7DC2BD78-C86E-4D7E-98D7-AE9BEC1D0F5A}.Debug|Any CPU.ActiveCfg = Debug|Any CPU
		{7DC2BD78-C86E-4D7E-98D7-AE9BEC1D0F5A}.Debug|Any CPU.Build.0 = Debug|Any CPU
		{7DC2BD78-C86E-4D7E-98D7-AE9BEC1D0F5A}.Release|Any CPU.ActiveCfg = Release|Any CPU
		{7DC2BD78-C86E-4D7E-98D7-AE9BEC1D0F5A}.Release|Any CPU.Build.0 = Release|Any CPU
		{EDB9D80E-A93C-4152-9C2B-E34A7F077B41}.Debug|Any CPU.ActiveCfg = Debug|Any CPU
		{EDB9D80E-A93C-4152-9C2B-E34A7F077B41}.Debug|Any CPU.Build.0 = Debug|Any CPU
		{EDB9D80E-A93C-4152-9C2B-E34A7F077B41}.Release|Any CPU.ActiveCfg = Release|Any CPU
		{EDB9D80E-A93C-4152-9C2B-E34A7F077B41}.Release|Any CPU.Build.0 = Release|Any CPU
		{01E0419D-9B54-419B-8D0A-A0B8AA30D987}.Debug|Any CPU.ActiveCfg = Debug|Any CPU
		{01E0419D-9B54-419B-8D0A-A0B8AA30D987}.Debug|Any CPU.Build.0 = Debug|Any CPU
		{01E0419D-9B54-419B-8D0A-A0B8AA30D987}.Release|Any CPU.ActiveCfg = Release|Any CPU
		{01E0419D-9B54-419B-8D0A-A0B8AA30D987}.Release|Any CPU.Build.0 = Release|Any CPU
		{31AEF50A-9BA8-4440-8BF6-0B7E3A8CBCC5}.Debug|Any CPU.ActiveCfg = Debug|Any CPU
		{31AEF50A-9BA8-4440-8BF6-0B7E3A8CBCC5}.Debug|Any CPU.Build.0 = Debug|Any CPU
		{31AEF50A-9BA8-4440-8BF6-0B7E3A8CBCC5}.Release|Any CPU.ActiveCfg = Release|Any CPU
		{31AEF50A-9BA8-4440-8BF6-0B7E3A8CBCC5}.Release|Any CPU.Build.0 = Release|Any CPU
	EndGlobalSection
	GlobalSection(SolutionProperties) = preSolution
		HideSolutionNode = FALSE
	EndGlobalSection
	GlobalSection(ExtensibilityGlobals) = postSolution
		SolutionGuid = {E287E4D3-E3F0-4B5C-9873-5E15B1CEB6DB}
	EndGlobalSection
EndGlobal
